
Microsoft Visual Studio Solution File, Format Version 12.00
# Visual Studio Version 16
VisualStudioVersion = 16.0.30717.126
MinimumVisualStudioVersion = 10.0.40219.1
Project("{9A19103F-16F7-4668-BE54-9A1E7A4F7556}") = "API", "API\API.csproj", "{E5A81A73-CBE1-4AA0-B6F6-4CC49DDFEC47}"
EndProject
Project("{9A19103F-16F7-4668-BE54-9A1E7A4F7556}") = "BusinessLogic", "BusinessLogic\BusinessLogic.csproj", "{EF13DE78-216E-422F-AF67-FE49D15CCC58}"
EndProject
Project("{9A19103F-16F7-4668-BE54-9A1E7A4F7556}") = "DataAccess", "DataAccess\DataAccess.csproj", "{0DDB0F2A-3552-4E33-84F0-E8AC616E8DAE}"
EndProject
Project("{9A19103F-16F7-4668-BE54-9A1E7A4F7556}") = "DTOs", "DTOs\DTOs.csproj", "{8EE5D0F0-9C10-4067-9983-69E4712A0F65}"
EndProject
Project("{FAE04EC0-301F-11D3-BF4B-00C04F79EFBC}") = "Tests", "Tests\Tests.csproj", "{743E5801-957B-485A-9615-887AACEF0E76}"
EndProject
Global
	GlobalSection(SolutionConfigurationPlatforms) = preSolution
		Debug|Any CPU = Debug|Any CPU
		Release|Any CPU = Release|Any CPU
	EndGlobalSection
	GlobalSection(ProjectConfigurationPlatforms) = postSolution
		{E5A81A73-CBE1-4AA0-B6F6-4CC49DDFEC47}.Debug|Any CPU.ActiveCfg = Debug|Any CPU
		{E5A81A73-CBE1-4AA0-B6F6-4CC49DDFEC47}.Debug|Any CPU.Build.0 = Debug|Any CPU
		{E5A81A73-CBE1-4AA0-B6F6-4CC49DDFEC47}.Release|Any CPU.ActiveCfg = Release|Any CPU
		{E5A81A73-CBE1-4AA0-B6F6-4CC49DDFEC47}.Release|Any CPU.Build.0 = Release|Any CPU
		{EF13DE78-216E-422F-AF67-FE49D15CCC58}.Debug|Any CPU.ActiveCfg = Debug|Any CPU
		{EF13DE78-216E-422F-AF67-FE49D15CCC58}.Debug|Any CPU.Build.0 = Debug|Any CPU
		{EF13DE78-216E-422F-AF67-FE49D15CCC58}.Release|Any CPU.ActiveCfg = Release|Any CPU
		{EF13DE78-216E-422F-AF67-FE49D15CCC58}.Release|Any CPU.Build.0 = Release|Any CPU
		{0DDB0F2A-3552-4E33-84F0-E8AC616E8DAE}.Debug|Any CPU.ActiveCfg = Debug|Any CPU
		{0DDB0F2A-3552-4E33-84F0-E8AC616E8DAE}.Debug|Any CPU.Build.0 = Debug|Any CPU
		{0DDB0F2A-3552-4E33-84F0-E8AC616E8DAE}.Release|Any CPU.ActiveCfg = Release|Any CPU
		{0DDB0F2A-3552-4E33-84F0-E8AC616E8DAE}.Release|Any CPU.Build.0 = Release|Any CPU
		{8EE5D0F0-9C10-4067-9983-69E4712A0F65}.Debug|Any CPU.ActiveCfg = Debug|Any CPU
		{8EE5D0F0-9C10-4067-9983-69E4712A0F65}.Debug|Any CPU.Build.0 = Debug|Any CPU
		{8EE5D0F0-9C10-4067-9983-69E4712A0F65}.Release|Any CPU.ActiveCfg = Release|Any CPU
		{8EE5D0F0-9C10-4067-9983-69E4712A0F65}.Release|Any CPU.Build.0 = Release|Any CPU
		{743E5801-957B-485A-9615-887AACEF0E76}.Debug|Any CPU.ActiveCfg = Debug|Any CPU
		{743E5801-957B-485A-9615-887AACEF0E76}.Debug|Any CPU.Build.0 = Debug|Any CPU
		{743E5801-957B-485A-9615-887AACEF0E76}.Release|Any CPU.ActiveCfg = Release|Any CPU
		{743E5801-957B-485A-9615-887AACEF0E76}.Release|Any CPU.Build.0 = Release|Any CPU
	EndGlobalSection
	GlobalSection(SolutionProperties) = preSolution
		HideSolutionNode = FALSE
	EndGlobalSection
	GlobalSection(ExtensibilityGlobals) = postSolution
		SolutionGuid = {CB259D9D-104C-41EC-9710-A2A3826466CA}
	EndGlobalSection
EndGlobal
